// !$*UTF8*$!
{
	archiveVersion = 1;
	classes = {
	};
	objectVersion = 48;
	objects = {

/* Begin PBXBuildFile section */
		145C11FE2075F37E00AB11F3 /* RoomManagementViewController.swift in Sources */ = {isa = PBXBuildFile; fileRef = 145C11FC2075F37E00AB11F3 /* RoomManagementViewController.swift */; };
		145C11FF2075F37E00AB11F3 /* RoomManagementViewController.xib in Resources */ = {isa = PBXBuildFile; fileRef = 145C11FD2075F37E00AB11F3 /* RoomManagementViewController.xib */; };
		145C12062075FF5300AB11F3 /* ListRoomsTableViewCell.swift in Sources */ = {isa = PBXBuildFile; fileRef = 145C12042075FF5300AB11F3 /* ListRoomsTableViewCell.swift */; };
		145C12072075FF5300AB11F3 /* ListRoomsTableViewCell.xib in Resources */ = {isa = PBXBuildFile; fileRef = 145C12052075FF5300AB11F3 /* ListRoomsTableViewCell.xib */; };
		808042C5E64CAEA32495D439 /* Pods_Motel_Network.framework in Frameworks */ = {isa = PBXBuildFile; fileRef = FA2E9B82728A3236B847A136 /* Pods_Motel_Network.framework */; };
		CE5FF78B20766ED0005BEA3B /* MainViewController.swift in Sources */ = {isa = PBXBuildFile; fileRef = CE5FF78920766ED0005BEA3B /* MainViewController.swift */; };
		CE5FF78C20766ED0005BEA3B /* MainViewController.xib in Resources */ = {isa = PBXBuildFile; fileRef = CE5FF78A20766ED0005BEA3B /* MainViewController.xib */; };
		CE5FF79020767698005BEA3B /* EUIViewController.swift in Sources */ = {isa = PBXBuildFile; fileRef = CE5FF78F20767698005BEA3B /* EUIViewController.swift */; };
		E10112CA209199CA004ACA0D /* SearchViewController.swift in Sources */ = {isa = PBXBuildFile; fileRef = E10112C8209199CA004ACA0D /* SearchViewController.swift */; };
		E10112CB209199CA004ACA0D /* SearchViewController.xib in Resources */ = {isa = PBXBuildFile; fileRef = E10112C9209199CA004ACA0D /* SearchViewController.xib */; };
		E10112D12091C2DD004ACA0D /* UpdateInfoViewController.swift in Sources */ = {isa = PBXBuildFile; fileRef = E10112CF2091C2DD004ACA0D /* UpdateInfoViewController.swift */; };
		E10112D22091C2DD004ACA0D /* UpdateInfoViewController.xib in Resources */ = {isa = PBXBuildFile; fileRef = E10112D02091C2DD004ACA0D /* UpdateInfoViewController.xib */; };
		E104666E20708FF400245789 /* TutorialViewController.swift in Sources */ = {isa = PBXBuildFile; fileRef = E104666C20708FF400245789 /* TutorialViewController.swift */; };
		E104666F20708FF400245789 /* TutorialViewController.xib in Resources */ = {isa = PBXBuildFile; fileRef = E104666D20708FF400245789 /* TutorialViewController.xib */; };
		E117B659208DF2BE00087A0B /* ResultViewController.swift in Sources */ = {isa = PBXBuildFile; fileRef = E117B657208DF2BE00087A0B /* ResultViewController.swift */; };
		E117B65A208DF2BE00087A0B /* ResultViewController.xib in Resources */ = {isa = PBXBuildFile; fileRef = E117B658208DF2BE00087A0B /* ResultViewController.xib */; };
		E117B664208E3BC500087A0B /* GoogleService-Info.plist in Resources */ = {isa = PBXBuildFile; fileRef = E117B663208E3BC500087A0B /* GoogleService-Info.plist */; };
		E127015A2093372600663611 /* GoogleMapViewController.swift in Sources */ = {isa = PBXBuildFile; fileRef = E12701582093372600663611 /* GoogleMapViewController.swift */; };
		E127015B2093372600663611 /* GoogleMapViewController.xib in Resources */ = {isa = PBXBuildFile; fileRef = E12701592093372600663611 /* GoogleMapViewController.xib */; };
		E131D47E2098AED600019415 /* TimeAgoDisplay.swift in Sources */ = {isa = PBXBuildFile; fileRef = E131D47D2098AED600019415 /* TimeAgoDisplay.swift */; };
		E1397D86208AC7CC0050C86D /* ListBillTableViewCell.swift in Sources */ = {isa = PBXBuildFile; fileRef = E1397D84208AC7CC0050C86D /* ListBillTableViewCell.swift */; };
		E1397D87208AC7CC0050C86D /* ListBillTableViewCell.xib in Resources */ = {isa = PBXBuildFile; fileRef = E1397D85208AC7CC0050C86D /* ListBillTableViewCell.xib */; };
		E1397D8B208AEF960050C86D /* Bill.swift in Sources */ = {isa = PBXBuildFile; fileRef = E1397D8A208AEF960050C86D /* Bill.swift */; };
		E1397D8D208AF1230050C86D /* Notification.swift in Sources */ = {isa = PBXBuildFile; fileRef = E1397D8C208AF1230050C86D /* Notification.swift */; };
		E14804F72089F8DA00C67D43 /* CreateNotificationViewController.swift in Sources */ = {isa = PBXBuildFile; fileRef = E14804F52089F8DA00C67D43 /* CreateNotificationViewController.swift */; };
		E14804F82089F8DA00C67D43 /* CreateNotificationViewController.xib in Resources */ = {isa = PBXBuildFile; fileRef = E14804F62089F8DA00C67D43 /* CreateNotificationViewController.xib */; };
		E14804FD2089F90800C67D43 /* DetailNotificationViewController.swift in Sources */ = {isa = PBXBuildFile; fileRef = E14804FB2089F90800C67D43 /* DetailNotificationViewController.swift */; };
		E14804FE2089F90800C67D43 /* DetailNotificationViewController.xib in Resources */ = {isa = PBXBuildFile; fileRef = E14804FC2089F90800C67D43 /* DetailNotificationViewController.xib */; };
		E14805012089F92D00C67D43 /* NotificationListViewController.swift in Sources */ = {isa = PBXBuildFile; fileRef = E14804FF2089F92D00C67D43 /* NotificationListViewController.swift */; };
		E14805022089F92D00C67D43 /* NotificationListViewController.xib in Resources */ = {isa = PBXBuildFile; fileRef = E14805002089F92D00C67D43 /* NotificationListViewController.xib */; };
		E14C41432074D107003571E8 /* DetailNewsViewController.swift in Sources */ = {isa = PBXBuildFile; fileRef = E14C41412074D107003571E8 /* DetailNewsViewController.swift */; };
		E14C41442074D107003571E8 /* DetailNewsViewController.xib in Resources */ = {isa = PBXBuildFile; fileRef = E14C41422074D107003571E8 /* DetailNewsViewController.xib */; };
		E14F2C2420960BF30034BE8E /* MyRoomsViewController.swift in Sources */ = {isa = PBXBuildFile; fileRef = E14F2C2220960BF30034BE8E /* MyRoomsViewController.swift */; };
		E14F2C2520960BF30034BE8E /* MyRoomsViewController.xib in Resources */ = {isa = PBXBuildFile; fileRef = E14F2C2320960BF30034BE8E /* MyRoomsViewController.xib */; };
		E1507BA2207D192F00387527 /* DetailRoomViewController.swift in Sources */ = {isa = PBXBuildFile; fileRef = E1507BA0207D192F00387527 /* DetailRoomViewController.swift */; };
		E1507BA3207D192F00387527 /* DetailRoomViewController.xib in Resources */ = {isa = PBXBuildFile; fileRef = E1507BA1207D192F00387527 /* DetailRoomViewController.xib */; };
		E1507BA7207D195C00387527 /* EditRoomViewController.swift in Sources */ = {isa = PBXBuildFile; fileRef = E1507BA5207D195C00387527 /* EditRoomViewController.swift */; };
		E1507BA8207D195C00387527 /* EditRoomViewController.xib in Resources */ = {isa = PBXBuildFile; fileRef = E1507BA6207D195C00387527 /* EditRoomViewController.xib */; };
		E1507BAC207D19A200387527 /* NewPostViewController.swift in Sources */ = {isa = PBXBuildFile; fileRef = E1507BAA207D19A200387527 /* NewPostViewController.swift */; };
		E1507BAD207D19A200387527 /* NewPostViewController.xib in Resources */ = {isa = PBXBuildFile; fileRef = E1507BAB207D19A200387527 /* NewPostViewController.xib */; };
		E1507BB1207DDA8B00387527 /* CalculateRoomPriceViewController.swift in Sources */ = {isa = PBXBuildFile; fileRef = E1507BAF207DDA8B00387527 /* CalculateRoomPriceViewController.swift */; };
		E1507BB2207DDA8B00387527 /* CalculateRoomPriceViewController.xib in Resources */ = {isa = PBXBuildFile; fileRef = E1507BB0207DDA8B00387527 /* CalculateRoomPriceViewController.xib */; };
		E1507BBD207F59F300387527 /* SettingViewController.swift in Sources */ = {isa = PBXBuildFile; fileRef = E1507BBB207F59F300387527 /* SettingViewController.swift */; };
		E1507BBE207F59F300387527 /* SettingViewController.xib in Resources */ = {isa = PBXBuildFile; fileRef = E1507BBC207F59F300387527 /* SettingViewController.xib */; };
		E1507BC02080972500387527 /* News.swift in Sources */ = {isa = PBXBuildFile; fileRef = E1507BBF2080972500387527 /* News.swift */; };
		E16BD8B5208DC0FD00DD00B7 /* NavigationViewController.swift in Sources */ = {isa = PBXBuildFile; fileRef = E16BD8B3208DC0FD00DD00B7 /* NavigationViewController.swift */; };
		E16BD8B6208DC0FD00DD00B7 /* NavigationViewController.xib in Resources */ = {isa = PBXBuildFile; fileRef = E16BD8B4208DC0FD00DD00B7 /* NavigationViewController.xib */; };
		E16F5B1B207B698E00B284A5 /* AccountViewController.swift in Sources */ = {isa = PBXBuildFile; fileRef = E16F5B19207B698E00B284A5 /* AccountViewController.swift */; };
		E16F5B1C207B698E00B284A5 /* AccountViewController.xib in Resources */ = {isa = PBXBuildFile; fileRef = E16F5B1A207B698E00B284A5 /* AccountViewController.xib */; };
		E16F5B1F207B69AE00B284A5 /* AccountOptionTableViewCell.swift in Sources */ = {isa = PBXBuildFile; fileRef = E16F5B1D207B69AE00B284A5 /* AccountOptionTableViewCell.swift */; };
		E16F5B20207B69AE00B284A5 /* AccountOptionTableViewCell.xib in Resources */ = {isa = PBXBuildFile; fileRef = E16F5B1E207B69AE00B284A5 /* AccountOptionTableViewCell.xib */; };
		E16F5B29207B7D8E00B284A5 /* ChangeEmailViewController.swift in Sources */ = {isa = PBXBuildFile; fileRef = E16F5B27207B7D8E00B284A5 /* ChangeEmailViewController.swift */; };
		E16F5B2A207B7D8E00B284A5 /* ChangeEmailViewController.xib in Resources */ = {isa = PBXBuildFile; fileRef = E16F5B28207B7D8E00B284A5 /* ChangeEmailViewController.xib */; };
		E16F5B2D207B84D900B284A5 /* ChangePasswordViewController.swift in Sources */ = {isa = PBXBuildFile; fileRef = E16F5B2B207B84D900B284A5 /* ChangePasswordViewController.swift */; };
		E16F5B2E207B84D900B284A5 /* ChangePasswordViewController.xib in Resources */ = {isa = PBXBuildFile; fileRef = E16F5B2C207B84D900B284A5 /* ChangePasswordViewController.xib */; };
		E16F5B31207BD35A00B284A5 /* Controller.swift in Sources */ = {isa = PBXBuildFile; fileRef = E16F5B30207BD35A00B284A5 /* Controller.swift */; };
		E16F5B33207BDD0700B284A5 /* Strings.swift in Sources */ = {isa = PBXBuildFile; fileRef = E16F5B32207BDD0700B284A5 /* Strings.swift */; };
		E180A137208A074F00EBCE52 /* NotificationListTableViewCell.swift in Sources */ = {isa = PBXBuildFile; fileRef = E180A135208A074F00EBCE52 /* NotificationListTableViewCell.swift */; };
		E180A138208A074F00EBCE52 /* NotificationListTableViewCell.xib in Resources */ = {isa = PBXBuildFile; fileRef = E180A136208A074F00EBCE52 /* NotificationListTableViewCell.xib */; };
		E18F072D20674C2200281432 /* SignUpViewController.swift in Sources */ = {isa = PBXBuildFile; fileRef = E18F072B20674C2200281432 /* SignUpViewController.swift */; };
		E18F072E20674C2200281432 /* SignUpViewController.xib in Resources */ = {isa = PBXBuildFile; fileRef = E18F072C20674C2200281432 /* SignUpViewController.xib */; };
		E1954476208A0EA3004F0D17 /* DetailBillViewController.swift in Sources */ = {isa = PBXBuildFile; fileRef = E1954474208A0EA3004F0D17 /* DetailBillViewController.swift */; };
		E1954477208A0EA3004F0D17 /* DetailBillViewController.xib in Resources */ = {isa = PBXBuildFile; fileRef = E1954475208A0EA3004F0D17 /* DetailBillViewController.xib */; };
		E198761220672E2D008434CC /* AppDelegate.swift in Sources */ = {isa = PBXBuildFile; fileRef = E198761120672E2D008434CC /* AppDelegate.swift */; };
		E198761720672E2D008434CC /* Main.storyboard in Resources */ = {isa = PBXBuildFile; fileRef = E198761520672E2D008434CC /* Main.storyboard */; };
		E198761C20672E2D008434CC /* LaunchScreen.storyboard in Resources */ = {isa = PBXBuildFile; fileRef = E198761A20672E2D008434CC /* LaunchScreen.storyboard */; };
		E198DC1E2081829000E59BD2 /* ListNewsTableViewCell.swift in Sources */ = {isa = PBXBuildFile; fileRef = E198DC192081829000E59BD2 /* ListNewsTableViewCell.swift */; };
		E198DC202081829000E59BD2 /* HomeViewController.xib in Resources */ = {isa = PBXBuildFile; fileRef = E198DC1B2081829000E59BD2 /* HomeViewController.xib */; };
		E198DC212081829000E59BD2 /* HomeViewController.swift in Sources */ = {isa = PBXBuildFile; fileRef = E198DC1C2081829000E59BD2 /* HomeViewController.swift */; };
		E198DC222081829000E59BD2 /* ListNewsTableViewCell.xib in Resources */ = {isa = PBXBuildFile; fileRef = E198DC1D2081829000E59BD2 /* ListNewsTableViewCell.xib */; };
		E198DC2A2082F6BB00E59BD2 /* EditPostViewController.swift in Sources */ = {isa = PBXBuildFile; fileRef = E198DC282082F6BB00E59BD2 /* EditPostViewController.swift */; };
		E198DC2B2082F6BB00E59BD2 /* EditPostViewController.xib in Resources */ = {isa = PBXBuildFile; fileRef = E198DC292082F6BB00E59BD2 /* EditPostViewController.xib */; };
		E19CBCA82088818600A310D3 /* BillManagementViewController.swift in Sources */ = {isa = PBXBuildFile; fileRef = E19CBCA62088818600A310D3 /* BillManagementViewController.swift */; };
		E19CBCA92088818600A310D3 /* BillManagementViewController.xib in Resources */ = {isa = PBXBuildFile; fileRef = E19CBCA72088818600A310D3 /* BillManagementViewController.xib */; };
		E1A621D22070D23100B83291 /* TestViewController.swift in Sources */ = {isa = PBXBuildFile; fileRef = E1A621D02070D23100B83291 /* TestViewController.swift */; };
		E1A621D32070D23100B83291 /* TestViewController.xib in Resources */ = {isa = PBXBuildFile; fileRef = E1A621D12070D23100B83291 /* TestViewController.xib */; };
		E1AA95BB2090AA2900FBDB65 /* Assets.xcassets in Resources */ = {isa = PBXBuildFile; fileRef = E1AA95BA2090AA2900FBDB65 /* Assets.xcassets */; };
		E1BD102620765FAD00287982 /* Room.swift in Sources */ = {isa = PBXBuildFile; fileRef = E1BD102520765FAD00287982 /* Room.swift */; };
		E1BD102820765FB900287982 /* User.swift in Sources */ = {isa = PBXBuildFile; fileRef = E1BD102720765FB900287982 /* User.swift */; };
		E1BD102E20766C3500287982 /* CreateRoomViewController.swift in Sources */ = {isa = PBXBuildFile; fileRef = E1BD102C20766C3500287982 /* CreateRoomViewController.swift */; };
		E1BD102F20766C3500287982 /* CreateRoomViewController.xib in Resources */ = {isa = PBXBuildFile; fileRef = E1BD102D20766C3500287982 /* CreateRoomViewController.xib */; };
		E1CDE6932067805D005715EC /* LoginViewController.swift in Sources */ = {isa = PBXBuildFile; fileRef = E1CDE6912067805D005715EC /* LoginViewController.swift */; };
		E1CDE6942067805D005715EC /* LoginViewController.xib in Resources */ = {isa = PBXBuildFile; fileRef = E1CDE6922067805D005715EC /* LoginViewController.xib */; };
		E1CDE6972067898C005715EC /* ForgotPasswordViewController.swift in Sources */ = {isa = PBXBuildFile; fileRef = E1CDE6952067898C005715EC /* ForgotPasswordViewController.swift */; };
		E1CDE6982067898C005715EC /* ForgotPasswordViewController.xib in Resources */ = {isa = PBXBuildFile; fileRef = E1CDE6962067898C005715EC /* ForgotPasswordViewController.xib */; };
/* End PBXBuildFile section */

/* Begin PBXFileReference section */
		049534EE73905EDE23E9980B /* Pods-Motel Network.debug.xcconfig */ = {isa = PBXFileReference; includeInIndex = 1; lastKnownFileType = text.xcconfig; name = "Pods-Motel Network.debug.xcconfig"; path = "Pods/Target Support Files/Pods-Motel Network/Pods-Motel Network.debug.xcconfig"; sourceTree = "<group>"; };
		145C11FC2075F37E00AB11F3 /* RoomManagementViewController.swift */ = {isa = PBXFileReference; lastKnownFileType = sourcecode.swift; path = RoomManagementViewController.swift; sourceTree = "<group>"; };
		145C11FD2075F37E00AB11F3 /* RoomManagementViewController.xib */ = {isa = PBXFileReference; lastKnownFileType = file.xib; path = RoomManagementViewController.xib; sourceTree = "<group>"; };
		145C12042075FF5300AB11F3 /* ListRoomsTableViewCell.swift */ = {isa = PBXFileReference; lastKnownFileType = sourcecode.swift; path = ListRoomsTableViewCell.swift; sourceTree = "<group>"; };
		145C12052075FF5300AB11F3 /* ListRoomsTableViewCell.xib */ = {isa = PBXFileReference; lastKnownFileType = file.xib; path = ListRoomsTableViewCell.xib; sourceTree = "<group>"; };
		93ECD0FAD91556A57282580A /* Pods-Motel Network.release.xcconfig */ = {isa = PBXFileReference; includeInIndex = 1; lastKnownFileType = text.xcconfig; name = "Pods-Motel Network.release.xcconfig"; path = "Pods/Target Support Files/Pods-Motel Network/Pods-Motel Network.release.xcconfig"; sourceTree = "<group>"; };
		CE5FF78920766ED0005BEA3B /* MainViewController.swift */ = {isa = PBXFileReference; lastKnownFileType = sourcecode.swift; path = MainViewController.swift; sourceTree = "<group>"; };
		CE5FF78A20766ED0005BEA3B /* MainViewController.xib */ = {isa = PBXFileReference; lastKnownFileType = file.xib; path = MainViewController.xib; sourceTree = "<group>"; };
		CE5FF78F20767698005BEA3B /* EUIViewController.swift */ = {isa = PBXFileReference; lastKnownFileType = sourcecode.swift; path = EUIViewController.swift; sourceTree = "<group>"; };
		E10112C8209199CA004ACA0D /* SearchViewController.swift */ = {isa = PBXFileReference; lastKnownFileType = sourcecode.swift; path = SearchViewController.swift; sourceTree = "<group>"; };
		E10112C9209199CA004ACA0D /* SearchViewController.xib */ = {isa = PBXFileReference; lastKnownFileType = file.xib; path = SearchViewController.xib; sourceTree = "<group>"; };
		E10112CF2091C2DD004ACA0D /* UpdateInfoViewController.swift */ = {isa = PBXFileReference; lastKnownFileType = sourcecode.swift; path = UpdateInfoViewController.swift; sourceTree = "<group>"; };
		E10112D02091C2DD004ACA0D /* UpdateInfoViewController.xib */ = {isa = PBXFileReference; lastKnownFileType = file.xib; path = UpdateInfoViewController.xib; sourceTree = "<group>"; };
		E104666C20708FF400245789 /* TutorialViewController.swift */ = {isa = PBXFileReference; lastKnownFileType = sourcecode.swift; path = TutorialViewController.swift; sourceTree = "<group>"; };
		E104666D20708FF400245789 /* TutorialViewController.xib */ = {isa = PBXFileReference; lastKnownFileType = file.xib; path = TutorialViewController.xib; sourceTree = "<group>"; };
		E117B657208DF2BE00087A0B /* ResultViewController.swift */ = {isa = PBXFileReference; lastKnownFileType = sourcecode.swift; path = ResultViewController.swift; sourceTree = "<group>"; };
		E117B658208DF2BE00087A0B /* ResultViewController.xib */ = {isa = PBXFileReference; lastKnownFileType = file.xib; path = ResultViewController.xib; sourceTree = "<group>"; };
		E117B663208E3BC500087A0B /* GoogleService-Info.plist */ = {isa = PBXFileReference; fileEncoding = 4; lastKnownFileType = text.plist.xml; path = "GoogleService-Info.plist"; sourceTree = "<group>"; };
		E12701582093372600663611 /* GoogleMapViewController.swift */ = {isa = PBXFileReference; lastKnownFileType = sourcecode.swift; path = GoogleMapViewController.swift; sourceTree = "<group>"; };
		E12701592093372600663611 /* GoogleMapViewController.xib */ = {isa = PBXFileReference; lastKnownFileType = file.xib; path = GoogleMapViewController.xib; sourceTree = "<group>"; };
		E131D47D2098AED600019415 /* TimeAgoDisplay.swift */ = {isa = PBXFileReference; lastKnownFileType = sourcecode.swift; path = TimeAgoDisplay.swift; sourceTree = "<group>"; };
		E1397D84208AC7CC0050C86D /* ListBillTableViewCell.swift */ = {isa = PBXFileReference; lastKnownFileType = sourcecode.swift; path = ListBillTableViewCell.swift; sourceTree = "<group>"; };
		E1397D85208AC7CC0050C86D /* ListBillTableViewCell.xib */ = {isa = PBXFileReference; lastKnownFileType = file.xib; path = ListBillTableViewCell.xib; sourceTree = "<group>"; };
		E1397D8A208AEF960050C86D /* Bill.swift */ = {isa = PBXFileReference; lastKnownFileType = sourcecode.swift; path = Bill.swift; sourceTree = "<group>"; };
		E1397D8C208AF1230050C86D /* Notification.swift */ = {isa = PBXFileReference; lastKnownFileType = sourcecode.swift; path = Notification.swift; sourceTree = "<group>"; };
		E14804F52089F8DA00C67D43 /* CreateNotificationViewController.swift */ = {isa = PBXFileReference; lastKnownFileType = sourcecode.swift; path = CreateNotificationViewController.swift; sourceTree = "<group>"; };
		E14804F62089F8DA00C67D43 /* CreateNotificationViewController.xib */ = {isa = PBXFileReference; lastKnownFileType = file.xib; path = CreateNotificationViewController.xib; sourceTree = "<group>"; };
		E14804FB2089F90800C67D43 /* DetailNotificationViewController.swift */ = {isa = PBXFileReference; lastKnownFileType = sourcecode.swift; path = DetailNotificationViewController.swift; sourceTree = "<group>"; };
		E14804FC2089F90800C67D43 /* DetailNotificationViewController.xib */ = {isa = PBXFileReference; lastKnownFileType = file.xib; path = DetailNotificationViewController.xib; sourceTree = "<group>"; };
		E14804FF2089F92D00C67D43 /* NotificationListViewController.swift */ = {isa = PBXFileReference; lastKnownFileType = sourcecode.swift; path = NotificationListViewController.swift; sourceTree = "<group>"; };
		E14805002089F92D00C67D43 /* NotificationListViewController.xib */ = {isa = PBXFileReference; lastKnownFileType = file.xib; path = NotificationListViewController.xib; sourceTree = "<group>"; };
		E14C41412074D107003571E8 /* DetailNewsViewController.swift */ = {isa = PBXFileReference; lastKnownFileType = sourcecode.swift; path = DetailNewsViewController.swift; sourceTree = "<group>"; };
		E14C41422074D107003571E8 /* DetailNewsViewController.xib */ = {isa = PBXFileReference; lastKnownFileType = file.xib; path = DetailNewsViewController.xib; sourceTree = "<group>"; };
		E14F2C2220960BF30034BE8E /* MyRoomsViewController.swift */ = {isa = PBXFileReference; lastKnownFileType = sourcecode.swift; path = MyRoomsViewController.swift; sourceTree = "<group>"; };
		E14F2C2320960BF30034BE8E /* MyRoomsViewController.xib */ = {isa = PBXFileReference; lastKnownFileType = file.xib; path = MyRoomsViewController.xib; sourceTree = "<group>"; };
		E1507BA0207D192F00387527 /* DetailRoomViewController.swift */ = {isa = PBXFileReference; lastKnownFileType = sourcecode.swift; path = DetailRoomViewController.swift; sourceTree = "<group>"; };
		E1507BA1207D192F00387527 /* DetailRoomViewController.xib */ = {isa = PBXFileReference; lastKnownFileType = file.xib; path = DetailRoomViewController.xib; sourceTree = "<group>"; };
		E1507BA5207D195C00387527 /* EditRoomViewController.swift */ = {isa = PBXFileReference; lastKnownFileType = sourcecode.swift; path = EditRoomViewController.swift; sourceTree = "<group>"; };
		E1507BA6207D195C00387527 /* EditRoomViewController.xib */ = {isa = PBXFileReference; lastKnownFileType = file.xib; path = EditRoomViewController.xib; sourceTree = "<group>"; };
		E1507BAA207D19A200387527 /* NewPostViewController.swift */ = {isa = PBXFileReference; lastKnownFileType = sourcecode.swift; path = NewPostViewController.swift; sourceTree = "<group>"; };
		E1507BAB207D19A200387527 /* NewPostViewController.xib */ = {isa = PBXFileReference; lastKnownFileType = file.xib; path = NewPostViewController.xib; sourceTree = "<group>"; };
		E1507BAF207DDA8B00387527 /* CalculateRoomPriceViewController.swift */ = {isa = PBXFileReference; lastKnownFileType = sourcecode.swift; path = CalculateRoomPriceViewController.swift; sourceTree = "<group>"; };
		E1507BB0207DDA8B00387527 /* CalculateRoomPriceViewController.xib */ = {isa = PBXFileReference; lastKnownFileType = file.xib; path = CalculateRoomPriceViewController.xib; sourceTree = "<group>"; };
		E1507BBB207F59F300387527 /* SettingViewController.swift */ = {isa = PBXFileReference; lastKnownFileType = sourcecode.swift; path = SettingViewController.swift; sourceTree = "<group>"; };
		E1507BBC207F59F300387527 /* SettingViewController.xib */ = {isa = PBXFileReference; lastKnownFileType = file.xib; path = SettingViewController.xib; sourceTree = "<group>"; };
		E1507BBF2080972500387527 /* News.swift */ = {isa = PBXFileReference; lastKnownFileType = sourcecode.swift; path = News.swift; sourceTree = "<group>"; };
		E16BD8B3208DC0FD00DD00B7 /* NavigationViewController.swift */ = {isa = PBXFileReference; lastKnownFileType = sourcecode.swift; path = NavigationViewController.swift; sourceTree = "<group>"; };
		E16BD8B4208DC0FD00DD00B7 /* NavigationViewController.xib */ = {isa = PBXFileReference; lastKnownFileType = file.xib; path = NavigationViewController.xib; sourceTree = "<group>"; };
		E16F5B19207B698E00B284A5 /* AccountViewController.swift */ = {isa = PBXFileReference; lastKnownFileType = sourcecode.swift; path = AccountViewController.swift; sourceTree = "<group>"; };
		E16F5B1A207B698E00B284A5 /* AccountViewController.xib */ = {isa = PBXFileReference; lastKnownFileType = file.xib; path = AccountViewController.xib; sourceTree = "<group>"; };
		E16F5B1D207B69AE00B284A5 /* AccountOptionTableViewCell.swift */ = {isa = PBXFileReference; lastKnownFileType = sourcecode.swift; path = AccountOptionTableViewCell.swift; sourceTree = "<group>"; };
		E16F5B1E207B69AE00B284A5 /* AccountOptionTableViewCell.xib */ = {isa = PBXFileReference; lastKnownFileType = file.xib; path = AccountOptionTableViewCell.xib; sourceTree = "<group>"; };
		E16F5B27207B7D8E00B284A5 /* ChangeEmailViewController.swift */ = {isa = PBXFileReference; lastKnownFileType = sourcecode.swift; path = ChangeEmailViewController.swift; sourceTree = "<group>"; };
		E16F5B28207B7D8E00B284A5 /* ChangeEmailViewController.xib */ = {isa = PBXFileReference; lastKnownFileType = file.xib; path = ChangeEmailViewController.xib; sourceTree = "<group>"; };
		E16F5B2B207B84D900B284A5 /* ChangePasswordViewController.swift */ = {isa = PBXFileReference; lastKnownFileType = sourcecode.swift; path = ChangePasswordViewController.swift; sourceTree = "<group>"; };
		E16F5B2C207B84D900B284A5 /* ChangePasswordViewController.xib */ = {isa = PBXFileReference; lastKnownFileType = file.xib; path = ChangePasswordViewController.xib; sourceTree = "<group>"; };
		E16F5B30207BD35A00B284A5 /* Controller.swift */ = {isa = PBXFileReference; lastKnownFileType = sourcecode.swift; path = Controller.swift; sourceTree = "<group>"; };
		E16F5B32207BDD0700B284A5 /* Strings.swift */ = {isa = PBXFileReference; lastKnownFileType = sourcecode.swift; path = Strings.swift; sourceTree = "<group>"; };
		E180A135208A074F00EBCE52 /* NotificationListTableViewCell.swift */ = {isa = PBXFileReference; lastKnownFileType = sourcecode.swift; path = NotificationListTableViewCell.swift; sourceTree = "<group>"; };
		E180A136208A074F00EBCE52 /* NotificationListTableViewCell.xib */ = {isa = PBXFileReference; lastKnownFileType = file.xib; path = NotificationListTableViewCell.xib; sourceTree = "<group>"; };
		E18F072B20674C2200281432 /* SignUpViewController.swift */ = {isa = PBXFileReference; lastKnownFileType = sourcecode.swift; path = SignUpViewController.swift; sourceTree = "<group>"; };
		E18F072C20674C2200281432 /* SignUpViewController.xib */ = {isa = PBXFileReference; lastKnownFileType = file.xib; path = SignUpViewController.xib; sourceTree = "<group>"; };
		E1954474208A0EA3004F0D17 /* DetailBillViewController.swift */ = {isa = PBXFileReference; lastKnownFileType = sourcecode.swift; path = DetailBillViewController.swift; sourceTree = "<group>"; };
		E1954475208A0EA3004F0D17 /* DetailBillViewController.xib */ = {isa = PBXFileReference; lastKnownFileType = file.xib; path = DetailBillViewController.xib; sourceTree = "<group>"; };
		E198760E20672E2D008434CC /* Motel Network.app */ = {isa = PBXFileReference; explicitFileType = wrapper.application; includeInIndex = 0; path = "Motel Network.app"; sourceTree = BUILT_PRODUCTS_DIR; };
		E198761120672E2D008434CC /* AppDelegate.swift */ = {isa = PBXFileReference; lastKnownFileType = sourcecode.swift; path = AppDelegate.swift; sourceTree = "<group>"; };
		E198761620672E2D008434CC /* Base */ = {isa = PBXFileReference; lastKnownFileType = file.storyboard; name = Base; path = Base.lproj/Main.storyboard; sourceTree = "<group>"; };
		E198761B20672E2D008434CC /* Base */ = {isa = PBXFileReference; lastKnownFileType = file.storyboard; name = Base; path = Base.lproj/LaunchScreen.storyboard; sourceTree = "<group>"; };
		E198761D20672E2D008434CC /* Info.plist */ = {isa = PBXFileReference; lastKnownFileType = text.plist.xml; path = Info.plist; sourceTree = "<group>"; };
		E198DC192081829000E59BD2 /* ListNewsTableViewCell.swift */ = {isa = PBXFileReference; fileEncoding = 4; lastKnownFileType = sourcecode.swift; path = ListNewsTableViewCell.swift; sourceTree = "<group>"; };
		E198DC1B2081829000E59BD2 /* HomeViewController.xib */ = {isa = PBXFileReference; fileEncoding = 4; lastKnownFileType = file.xib; path = HomeViewController.xib; sourceTree = "<group>"; };
		E198DC1C2081829000E59BD2 /* HomeViewController.swift */ = {isa = PBXFileReference; fileEncoding = 4; lastKnownFileType = sourcecode.swift; path = HomeViewController.swift; sourceTree = "<group>"; wrapsLines = 0; };
		E198DC1D2081829000E59BD2 /* ListNewsTableViewCell.xib */ = {isa = PBXFileReference; fileEncoding = 4; lastKnownFileType = file.xib; path = ListNewsTableViewCell.xib; sourceTree = "<group>"; };
		E198DC282082F6BB00E59BD2 /* EditPostViewController.swift */ = {isa = PBXFileReference; lastKnownFileType = sourcecode.swift; path = EditPostViewController.swift; sourceTree = "<group>"; };
		E198DC292082F6BB00E59BD2 /* EditPostViewController.xib */ = {isa = PBXFileReference; lastKnownFileType = file.xib; path = EditPostViewController.xib; sourceTree = "<group>"; };
		E19CBCA62088818600A310D3 /* BillManagementViewController.swift */ = {isa = PBXFileReference; lastKnownFileType = sourcecode.swift; path = BillManagementViewController.swift; sourceTree = "<group>"; };
		E19CBCA72088818600A310D3 /* BillManagementViewController.xib */ = {isa = PBXFileReference; lastKnownFileType = file.xib; path = BillManagementViewController.xib; sourceTree = "<group>"; };
		E1A621D02070D23100B83291 /* TestViewController.swift */ = {isa = PBXFileReference; lastKnownFileType = sourcecode.swift; path = TestViewController.swift; sourceTree = "<group>"; };
		E1A621D12070D23100B83291 /* TestViewController.xib */ = {isa = PBXFileReference; lastKnownFileType = file.xib; path = TestViewController.xib; sourceTree = "<group>"; };
		E1AA95BA2090AA2900FBDB65 /* Assets.xcassets */ = {isa = PBXFileReference; lastKnownFileType = folder.assetcatalog; path = Assets.xcassets; sourceTree = "<group>"; };
		E1BD102520765FAD00287982 /* Room.swift */ = {isa = PBXFileReference; lastKnownFileType = sourcecode.swift; path = Room.swift; sourceTree = "<group>"; };
		E1BD102720765FB900287982 /* User.swift */ = {isa = PBXFileReference; lastKnownFileType = sourcecode.swift; path = User.swift; sourceTree = "<group>"; };
		E1BD102C20766C3500287982 /* CreateRoomViewController.swift */ = {isa = PBXFileReference; lastKnownFileType = sourcecode.swift; path = CreateRoomViewController.swift; sourceTree = "<group>"; };
		E1BD102D20766C3500287982 /* CreateRoomViewController.xib */ = {isa = PBXFileReference; lastKnownFileType = file.xib; path = CreateRoomViewController.xib; sourceTree = "<group>"; };
		E1CDE6912067805D005715EC /* LoginViewController.swift */ = {isa = PBXFileReference; lastKnownFileType = sourcecode.swift; path = LoginViewController.swift; sourceTree = "<group>"; };
		E1CDE6922067805D005715EC /* LoginViewController.xib */ = {isa = PBXFileReference; lastKnownFileType = file.xib; path = LoginViewController.xib; sourceTree = "<group>"; };
		E1CDE6952067898C005715EC /* ForgotPasswordViewController.swift */ = {isa = PBXFileReference; lastKnownFileType = sourcecode.swift; path = ForgotPasswordViewController.swift; sourceTree = "<group>"; };
		E1CDE6962067898C005715EC /* ForgotPasswordViewController.xib */ = {isa = PBXFileReference; lastKnownFileType = file.xib; path = ForgotPasswordViewController.xib; sourceTree = "<group>"; };
		FA2E9B82728A3236B847A136 /* Pods_Motel_Network.framework */ = {isa = PBXFileReference; explicitFileType = wrapper.framework; includeInIndex = 0; path = Pods_Motel_Network.framework; sourceTree = BUILT_PRODUCTS_DIR; };
/* End PBXFileReference section */

/* Begin PBXFrameworksBuildPhase section */
		E198760B20672E2D008434CC /* Frameworks */ = {
			isa = PBXFrameworksBuildPhase;
			buildActionMask = 2147483647;
			files = (
				808042C5E64CAEA32495D439 /* Pods_Motel_Network.framework in Frameworks */,
			);
			runOnlyForDeploymentPostprocessing = 0;
		};
/* End PBXFrameworksBuildPhase section */

/* Begin PBXGroup section */
		01EF52EC13FB9120A8D37862 /* Frameworks */ = {
			isa = PBXGroup;
			children = (
				FA2E9B82728A3236B847A136 /* Pods_Motel_Network.framework */,
			);
			name = Frameworks;
			sourceTree = "<group>";
		};
		145C11FB2075F34800AB11F3 /* RoomManagementViewController */ = {
			isa = PBXGroup;
			children = (
				145C11FC2075F37E00AB11F3 /* RoomManagementViewController.swift */,
				145C11FD2075F37E00AB11F3 /* RoomManagementViewController.xib */,
				145C12042075FF5300AB11F3 /* ListRoomsTableViewCell.swift */,
				145C12052075FF5300AB11F3 /* ListRoomsTableViewCell.xib */,
			);
			path = RoomManagementViewController;
			sourceTree = "<group>";
		};
		CE5FF78820766EB1005BEA3B /* MainViewController */ = {
			isa = PBXGroup;
			children = (
				CE5FF78920766ED0005BEA3B /* MainViewController.swift */,
				CE5FF78A20766ED0005BEA3B /* MainViewController.xib */,
			);
			path = MainViewController;
			sourceTree = "<group>";
		};
		CE5FF78E20767689005BEA3B /* Extension */ = {
			isa = PBXGroup;
			children = (
				CE5FF78F20767698005BEA3B /* EUIViewController.swift */,
				E131D47D2098AED600019415 /* TimeAgoDisplay.swift */,
			);
			path = Extension;
			sourceTree = "<group>";
		};
		E10112C7209199A8004ACA0D /* SearchViewController */ = {
			isa = PBXGroup;
			children = (
				E10112C8209199CA004ACA0D /* SearchViewController.swift */,
				E10112C9209199CA004ACA0D /* SearchViewController.xib */,
			);
			path = SearchViewController;
			sourceTree = "<group>";
		};
		E10112CC2091C2BA004ACA0D /* UpdateInfoViewController */ = {
			isa = PBXGroup;
			children = (
				E10112CF2091C2DD004ACA0D /* UpdateInfoViewController.swift */,
				E10112D02091C2DD004ACA0D /* UpdateInfoViewController.xib */,
			);
			path = UpdateInfoViewController;
			sourceTree = "<group>";
		};
		E104667020708FFE00245789 /* TutorialViewController */ = {
			isa = PBXGroup;
			children = (
				E104666C20708FF400245789 /* TutorialViewController.swift */,
				E104666D20708FF400245789 /* TutorialViewController.xib */,
			);
			path = TutorialViewController;
			sourceTree = "<group>";
		};
		E12701572093370B00663611 /* GoogleMapViewController */ = {
			isa = PBXGroup;
			children = (
				E12701582093372600663611 /* GoogleMapViewController.swift */,
				E12701592093372600663611 /* GoogleMapViewController.xib */,
			);
			path = GoogleMapViewController;
			sourceTree = "<group>";
		};
		E14804F42089F8CE00C67D43 /* CreateNotificationViewController */ = {
			isa = PBXGroup;
			children = (
				E14804F52089F8DA00C67D43 /* CreateNotificationViewController.swift */,
				E14804F62089F8DA00C67D43 /* CreateNotificationViewController.xib */,
			);
			path = CreateNotificationViewController;
			sourceTree = "<group>";
		};
		E14804F92089F8E700C67D43 /* DetailNotificationViewController */ = {
			isa = PBXGroup;
			children = (
				E14804FB2089F90800C67D43 /* DetailNotificationViewController.swift */,
				E14804FC2089F90800C67D43 /* DetailNotificationViewController.xib */,
			);
			path = DetailNotificationViewController;
			sourceTree = "<group>";
		};
		E14804FA2089F8EA00C67D43 /* NotificationListViewController */ = {
			isa = PBXGroup;
			children = (
				E14804FF2089F92D00C67D43 /* NotificationListViewController.swift */,
				E14805002089F92D00C67D43 /* NotificationListViewController.xib */,
				E180A135208A074F00EBCE52 /* NotificationListTableViewCell.swift */,
				E180A136208A074F00EBCE52 /* NotificationListTableViewCell.xib */,
			);
			path = NotificationListViewController;
			sourceTree = "<group>";
		};
		E14C41402074D0EB003571E8 /* DetailNewsViewController */ = {
			isa = PBXGroup;
			children = (
				E14C41412074D107003571E8 /* DetailNewsViewController.swift */,
				E14C41422074D107003571E8 /* DetailNewsViewController.xib */,
			);
			path = DetailNewsViewController;
			sourceTree = "<group>";
		};
		E14F2C2120960BD10034BE8E /* MyRoomsViewController */ = {
			isa = PBXGroup;
			children = (
				E14F2C2220960BF30034BE8E /* MyRoomsViewController.swift */,
				E14F2C2320960BF30034BE8E /* MyRoomsViewController.xib */,
			);
			path = MyRoomsViewController;
			sourceTree = "<group>";
		};
		E1507B9F207D18FB00387527 /* DetailRoomViewController */ = {
			isa = PBXGroup;
			children = (
				E1507BA0207D192F00387527 /* DetailRoomViewController.swift */,
				E1507BA1207D192F00387527 /* DetailRoomViewController.xib */,
			);
			path = DetailRoomViewController;
			sourceTree = "<group>";
		};
		E1507BA4207D194900387527 /* EditRoomViewController */ = {
			isa = PBXGroup;
			children = (
				E1507BA5207D195C00387527 /* EditRoomViewController.swift */,
				E1507BA6207D195C00387527 /* EditRoomViewController.xib */,
			);
			path = EditRoomViewController;
			sourceTree = "<group>";
		};
		E1507BA9207D198C00387527 /* NewPostViewController */ = {
			isa = PBXGroup;
			children = (
				E1507BAA207D19A200387527 /* NewPostViewController.swift */,
				E1507BAB207D19A200387527 /* NewPostViewController.xib */,
			);
			path = NewPostViewController;
			sourceTree = "<group>";
		};
		E1507BAE207DDA7300387527 /* CalculateRoomPriceViewController */ = {
			isa = PBXGroup;
			children = (
				E1507BAF207DDA8B00387527 /* CalculateRoomPriceViewController.swift */,
				E1507BB0207DDA8B00387527 /* CalculateRoomPriceViewController.xib */,
			);
			path = CalculateRoomPriceViewController;
			sourceTree = "<group>";
		};
		E1507BB9207E751200387527 /* Helpers */ = {
			isa = PBXGroup;
			children = (
			);
			path = Helpers;
			sourceTree = "<group>";
		};
		E1507BBA207F59E000387527 /* SettingViewController */ = {
			isa = PBXGroup;
			children = (
				E1507BBB207F59F300387527 /* SettingViewController.swift */,
				E1507BBC207F59F300387527 /* SettingViewController.xib */,
				E16F5B1D207B69AE00B284A5 /* AccountOptionTableViewCell.swift */,
				E16F5B1E207B69AE00B284A5 /* AccountOptionTableViewCell.xib */,
			);
			path = SettingViewController;
			sourceTree = "<group>";
		};
		E15331792068E18100238763 /* ForgotPasswordViewController */ = {
			isa = PBXGroup;
			children = (
				E1CDE6952067898C005715EC /* ForgotPasswordViewController.swift */,
				E1CDE6962067898C005715EC /* ForgotPasswordViewController.xib */,
			);
			path = ForgotPasswordViewController;
			sourceTree = "<group>";
		};
		E153317A2068E19000238763 /* LoginViewController */ = {
			isa = PBXGroup;
			children = (
				E1CDE6912067805D005715EC /* LoginViewController.swift */,
				E1CDE6922067805D005715EC /* LoginViewController.xib */,
			);
			path = LoginViewController;
			sourceTree = "<group>";
		};
		E153317B2068E19B00238763 /* SignUpViewController */ = {
			isa = PBXGroup;
			children = (
				E18F072B20674C2200281432 /* SignUpViewController.swift */,
				E18F072C20674C2200281432 /* SignUpViewController.xib */,
			);
			path = SignUpViewController;
			sourceTree = "<group>";
		};
		E16BD8B2208DC07200DD00B7 /* NavigationViewController */ = {
			isa = PBXGroup;
			children = (
				E16BD8B3208DC0FD00DD00B7 /* NavigationViewController.swift */,
				E16BD8B4208DC0FD00DD00B7 /* NavigationViewController.xib */,
				E117B657208DF2BE00087A0B /* ResultViewController.swift */,
				E117B658208DF2BE00087A0B /* ResultViewController.xib */,
			);
			path = NavigationViewController;
			sourceTree = "<group>";
		};
		E16F5B18207B696500B284A5 /* AccountViewController */ = {
			isa = PBXGroup;
			children = (
				E16F5B19207B698E00B284A5 /* AccountViewController.swift */,
				E16F5B1A207B698E00B284A5 /* AccountViewController.xib */,
			);
			path = AccountViewController;
			sourceTree = "<group>";
		};
		E16F5B21207B7D5E00B284A5 /* ChangeEmailViewController */ = {
			isa = PBXGroup;
			children = (
				E16F5B27207B7D8E00B284A5 /* ChangeEmailViewController.swift */,
				E16F5B28207B7D8E00B284A5 /* ChangeEmailViewController.xib */,
			);
			path = ChangeEmailViewController;
			sourceTree = "<group>";
		};
		E16F5B22207B7D6900B284A5 /* ChangePasswordViewController */ = {
			isa = PBXGroup;
			children = (
				E16F5B2B207B84D900B284A5 /* ChangePasswordViewController.swift */,
				E16F5B2C207B84D900B284A5 /* ChangePasswordViewController.xib */,
			);
			path = ChangePasswordViewController;
			sourceTree = "<group>";
		};
		E16F5B2F207BD34F00B284A5 /* Controller */ = {
			isa = PBXGroup;
			children = (
				E16F5B30207BD35A00B284A5 /* Controller.swift */,
				E16F5B32207BDD0700B284A5 /* Strings.swift */,
			);
			path = Controller;
			sourceTree = "<group>";
		};
		E1954473208A0E84004F0D17 /* DetailBillViewController */ = {
			isa = PBXGroup;
			children = (
				E1954474208A0EA3004F0D17 /* DetailBillViewController.swift */,
				E1954475208A0EA3004F0D17 /* DetailBillViewController.xib */,
			);
			path = DetailBillViewController;
			sourceTree = "<group>";
		};
		E198760520672E2D008434CC = {
			isa = PBXGroup;
			children = (
				E198761020672E2D008434CC /* MotelNetwork */,
				E198760F20672E2D008434CC /* Products */,
				E2CC27CED042D3E9451DE207 /* Pods */,
				01EF52EC13FB9120A8D37862 /* Frameworks */,
			);
			sourceTree = "<group>";
		};
		E198760F20672E2D008434CC /* Products */ = {
			isa = PBXGroup;
			children = (
				E198760E20672E2D008434CC /* Motel Network.app */,
			);
			name = Products;
			sourceTree = "<group>";
		};
		E198761020672E2D008434CC /* MotelNetwork */ = {
			isa = PBXGroup;
			children = (
				E1AA95BA2090AA2900FBDB65 /* Assets.xcassets */,
				E1507BB9207E751200387527 /* Helpers */,
				CE5FF78E20767689005BEA3B /* Extension */,
				E198761120672E2D008434CC /* AppDelegate.swift */,
				E198761520672E2D008434CC /* Main.storyboard */,
				E198761A20672E2D008434CC /* LaunchScreen.storyboard */,
				E198761D20672E2D008434CC /* Info.plist */,
				E117B663208E3BC500087A0B /* GoogleService-Info.plist */,
				E1BD102220765F7400287982 /* Model */,
				E1E7D1F72071C7D300874EB2 /* View */,
				E16F5B2F207BD34F00B284A5 /* Controller */,
			);
			path = MotelNetwork;
			sourceTree = "<group>";
		};
		E198DC182081829000E59BD2 /* HomeViewController */ = {
			isa = PBXGroup;
			children = (
				E198DC1C2081829000E59BD2 /* HomeViewController.swift */,
				E198DC1B2081829000E59BD2 /* HomeViewController.xib */,
				E198DC192081829000E59BD2 /* ListNewsTableViewCell.swift */,
				E198DC1D2081829000E59BD2 /* ListNewsTableViewCell.xib */,
			);
			path = HomeViewController;
			sourceTree = "<group>";
		};
		E198DC272082F69200E59BD2 /* EditPostViewController */ = {
			isa = PBXGroup;
			children = (
				E198DC282082F6BB00E59BD2 /* EditPostViewController.swift */,
				E198DC292082F6BB00E59BD2 /* EditPostViewController.xib */,
			);
			path = EditPostViewController;
			sourceTree = "<group>";
		};
		E19CBCA52088813D00A310D3 /* BillManagementViewController */ = {
			isa = PBXGroup;
			children = (
				E19CBCA62088818600A310D3 /* BillManagementViewController.swift */,
				E19CBCA72088818600A310D3 /* BillManagementViewController.xib */,
				E1397D84208AC7CC0050C86D /* ListBillTableViewCell.swift */,
				E1397D85208AC7CC0050C86D /* ListBillTableViewCell.xib */,
			);
			path = BillManagementViewController;
			sourceTree = "<group>";
		};
		E1A621CF2070D1FF00B83291 /* TestViewController */ = {
			isa = PBXGroup;
			children = (
				E1A621D02070D23100B83291 /* TestViewController.swift */,
				E1A621D12070D23100B83291 /* TestViewController.xib */,
			);
			path = TestViewController;
			sourceTree = "<group>";
		};
		E1BD102220765F7400287982 /* Model */ = {
			isa = PBXGroup;
			children = (
				E1BD102720765FB900287982 /* User.swift */,
				E1BD102520765FAD00287982 /* Room.swift */,
				E1507BBF2080972500387527 /* News.swift */,
				E1397D8A208AEF960050C86D /* Bill.swift */,
				E1397D8C208AF1230050C86D /* Notification.swift */,
			);
			path = Model;
			sourceTree = "<group>";
		};
		E1BD102B20766C1100287982 /* CreateRoomViewController */ = {
			isa = PBXGroup;
			children = (
				E1BD102C20766C3500287982 /* CreateRoomViewController.swift */,
				E1BD102D20766C3500287982 /* CreateRoomViewController.xib */,
			);
			path = CreateRoomViewController;
			sourceTree = "<group>";
		};
		E1E7D1F72071C7D300874EB2 /* View */ = {
			isa = PBXGroup;
			children = (
				CE5FF78820766EB1005BEA3B /* MainViewController */,
				E198DC182081829000E59BD2 /* HomeViewController */,
				E1507BBA207F59E000387527 /* SettingViewController */,
				E12701572093370B00663611 /* GoogleMapViewController */,
				E10112C7209199A8004ACA0D /* SearchViewController */,
				E16BD8B2208DC07200DD00B7 /* NavigationViewController */,
				E14F2C2120960BD10034BE8E /* MyRoomsViewController */,
				E14804FA2089F8EA00C67D43 /* NotificationListViewController */,
				E16F5B18207B696500B284A5 /* AccountViewController */,
				145C11FB2075F34800AB11F3 /* RoomManagementViewController */,
				E19CBCA52088813D00A310D3 /* BillManagementViewController */,
				E14804F92089F8E700C67D43 /* DetailNotificationViewController */,
				E1954473208A0E84004F0D17 /* DetailBillViewController */,
				E14C41402074D0EB003571E8 /* DetailNewsViewController */,
				E1507B9F207D18FB00387527 /* DetailRoomViewController */,
				E10112CC2091C2BA004ACA0D /* UpdateInfoViewController */,
				E16F5B22207B7D6900B284A5 /* ChangePasswordViewController */,
				E16F5B21207B7D5E00B284A5 /* ChangeEmailViewController */,
				E198DC272082F69200E59BD2 /* EditPostViewController */,
				E1507BA4207D194900387527 /* EditRoomViewController */,
				E1507BAE207DDA7300387527 /* CalculateRoomPriceViewController */,
				E1507BA9207D198C00387527 /* NewPostViewController */,
				E1BD102B20766C1100287982 /* CreateRoomViewController */,
				E14804F42089F8CE00C67D43 /* CreateNotificationViewController */,
				E153317B2068E19B00238763 /* SignUpViewController */,
				E153317A2068E19000238763 /* LoginViewController */,
				E15331792068E18100238763 /* ForgotPasswordViewController */,
				E104667020708FFE00245789 /* TutorialViewController */,
				E1A621CF2070D1FF00B83291 /* TestViewController */,
			);
			path = View;
			sourceTree = "<group>";
		};
		E2CC27CED042D3E9451DE207 /* Pods */ = {
			isa = PBXGroup;
			children = (
				049534EE73905EDE23E9980B /* Pods-Motel Network.debug.xcconfig */,
				93ECD0FAD91556A57282580A /* Pods-Motel Network.release.xcconfig */,
			);
			name = Pods;
			sourceTree = "<group>";
		};
/* End PBXGroup section */

/* Begin PBXNativeTarget section */
		E198760D20672E2D008434CC /* Motel Network */ = {
			isa = PBXNativeTarget;
			buildConfigurationList = E198762020672E2D008434CC /* Build configuration list for PBXNativeTarget "Motel Network" */;
			buildPhases = (
				7641C4081589DFF79D51A3B5 /* [CP] Check Pods Manifest.lock */,
				E198760A20672E2D008434CC /* Sources */,
				E198760B20672E2D008434CC /* Frameworks */,
				E198760C20672E2D008434CC /* Resources */,
				3B6B8EEDE3126B6B6C9D00BF /* [CP] Embed Pods Frameworks */,
				561B04332EBE6B2DC49C018D /* [CP] Copy Pods Resources */,
			);
			buildRules = (
			);
			dependencies = (
			);
			name = "Motel Network";
			productName = MotelNetwork;
			productReference = E198760E20672E2D008434CC /* Motel Network.app */;
			productType = "com.apple.product-type.application";
		};
/* End PBXNativeTarget section */

/* Begin PBXProject section */
		E198760620672E2D008434CC /* Project object */ = {
			isa = PBXProject;
			attributes = {
				KnownAssetTags = (
					0,
				);
				LastSwiftUpdateCheck = 0920;
				LastUpgradeCheck = 0930;
				ORGANIZATIONNAME = "Nguyên Duy";
				TargetAttributes = {
					E198760D20672E2D008434CC = {
						CreatedOnToolsVersion = 9.2;
						LastSwiftMigration = 0920;
						ProvisioningStyle = Automatic;
					};
				};
			};
			buildConfigurationList = E198760920672E2D008434CC /* Build configuration list for PBXProject "MotelNetwork" */;
			compatibilityVersion = "Xcode 8.0";
			developmentRegion = en;
			hasScannedForEncodings = 0;
			knownRegions = (
				en,
				Base,
			);
			mainGroup = E198760520672E2D008434CC;
			productRefGroup = E198760F20672E2D008434CC /* Products */;
			projectDirPath = "";
			projectRoot = "";
			targets = (
				E198760D20672E2D008434CC /* Motel Network */,
			);
		};
/* End PBXProject section */

/* Begin PBXResourcesBuildPhase section */
		E198760C20672E2D008434CC /* Resources */ = {
			isa = PBXResourcesBuildPhase;
			buildActionMask = 2147483647;
			files = (
				E16F5B20207B69AE00B284A5 /* AccountOptionTableViewCell.xib in Resources */,
				E1CDE6982067898C005715EC /* ForgotPasswordViewController.xib in Resources */,
				E1954477208A0EA3004F0D17 /* DetailBillViewController.xib in Resources */,
				E198DC222081829000E59BD2 /* ListNewsTableViewCell.xib in Resources */,
				E1AA95BB2090AA2900FBDB65 /* Assets.xcassets in Resources */,
				E14804F82089F8DA00C67D43 /* CreateNotificationViewController.xib in Resources */,
				E1507BA3207D192F00387527 /* DetailRoomViewController.xib in Resources */,
				E1CDE6942067805D005715EC /* LoginViewController.xib in Resources */,
				E198761C20672E2D008434CC /* LaunchScreen.storyboard in Resources */,
				E198DC2B2082F6BB00E59BD2 /* EditPostViewController.xib in Resources */,
				E1507BA8207D195C00387527 /* EditRoomViewController.xib in Resources */,
				E180A138208A074F00EBCE52 /* NotificationListTableViewCell.xib in Resources */,
				E104666F20708FF400245789 /* TutorialViewController.xib in Resources */,
				E1507BB2207DDA8B00387527 /* CalculateRoomPriceViewController.xib in Resources */,
				E10112CB209199CA004ACA0D /* SearchViewController.xib in Resources */,
				E14804FE2089F90800C67D43 /* DetailNotificationViewController.xib in Resources */,
				E19CBCA92088818600A310D3 /* BillManagementViewController.xib in Resources */,
				E1BD102F20766C3500287982 /* CreateRoomViewController.xib in Resources */,
				E14C41442074D107003571E8 /* DetailNewsViewController.xib in Resources */,
				E14F2C2520960BF30034BE8E /* MyRoomsViewController.xib in Resources */,
				E16BD8B6208DC0FD00DD00B7 /* NavigationViewController.xib in Resources */,
				E18F072E20674C2200281432 /* SignUpViewController.xib in Resources */,
				145C12072075FF5300AB11F3 /* ListRoomsTableViewCell.xib in Resources */,
				E16F5B2A207B7D8E00B284A5 /* ChangeEmailViewController.xib in Resources */,
				E1397D87208AC7CC0050C86D /* ListBillTableViewCell.xib in Resources */,
				E117B65A208DF2BE00087A0B /* ResultViewController.xib in Resources */,
				145C11FF2075F37E00AB11F3 /* RoomManagementViewController.xib in Resources */,
				E198DC202081829000E59BD2 /* HomeViewController.xib in Resources */,
				E14805022089F92D00C67D43 /* NotificationListViewController.xib in Resources */,
				E117B664208E3BC500087A0B /* GoogleService-Info.plist in Resources */,
				E16F5B2E207B84D900B284A5 /* ChangePasswordViewController.xib in Resources */,
				E1507BBE207F59F300387527 /* SettingViewController.xib in Resources */,
				E1A621D32070D23100B83291 /* TestViewController.xib in Resources */,
				E127015B2093372600663611 /* GoogleMapViewController.xib in Resources */,
				E10112D22091C2DD004ACA0D /* UpdateInfoViewController.xib in Resources */,
				E198761720672E2D008434CC /* Main.storyboard in Resources */,
				E16F5B1C207B698E00B284A5 /* AccountViewController.xib in Resources */,
				CE5FF78C20766ED0005BEA3B /* MainViewController.xib in Resources */,
				E1507BAD207D19A200387527 /* NewPostViewController.xib in Resources */,
			);
			runOnlyForDeploymentPostprocessing = 0;
		};
/* End PBXResourcesBuildPhase section */

/* Begin PBXShellScriptBuildPhase section */
		3B6B8EEDE3126B6B6C9D00BF /* [CP] Embed Pods Frameworks */ = {
			isa = PBXShellScriptBuildPhase;
			buildActionMask = 2147483647;
			files = (
			);
			inputPaths = (
				"${SRCROOT}/Pods/Target Support Files/Pods-Motel Network/Pods-Motel Network-frameworks.sh",
				"${BUILT_PRODUCTS_DIR}/BSGridCollectionViewLayout/BSGridCollectionViewLayout.framework",
				"${BUILT_PRODUCTS_DIR}/BSImagePicker/BSImagePicker.framework",
				"${BUILT_PRODUCTS_DIR}/Floaty/Floaty.framework",
				"${BUILT_PRODUCTS_DIR}/GTMSessionFetcher/GTMSessionFetcher.framework",
				"${BUILT_PRODUCTS_DIR}/GoogleToolboxForMac/GoogleToolboxForMac.framework",
				"${BUILT_PRODUCTS_DIR}/IQKeyboardManagerSwift/IQKeyboardManagerSwift.framework",
				"${BUILT_PRODUCTS_DIR}/Kingfisher/Kingfisher.framework",
				"${BUILT_PRODUCTS_DIR}/NVActivityIndicatorView/NVActivityIndicatorView.framework",
				"${BUILT_PRODUCTS_DIR}/SwipeBack/SwipeBack.framework",
				"${BUILT_PRODUCTS_DIR}/TwicketSegmentedControl/TwicketSegmentedControl.framework",
				"${BUILT_PRODUCTS_DIR}/UIImageViewModeScaleAspect/UIImageViewModeScaleAspect.framework",
				"${BUILT_PRODUCTS_DIR}/leveldb-library/leveldb.framework",
				"${BUILT_PRODUCTS_DIR}/nanopb/nanopb.framework",
			);
			name = "[CP] Embed Pods Frameworks";
			outputPaths = (
				"${TARGET_BUILD_DIR}/${FRAMEWORKS_FOLDER_PATH}/BSGridCollectionViewLayout.framework",
				"${TARGET_BUILD_DIR}/${FRAMEWORKS_FOLDER_PATH}/BSImagePicker.framework",
				"${TARGET_BUILD_DIR}/${FRAMEWORKS_FOLDER_PATH}/Floaty.framework",
				"${TARGET_BUILD_DIR}/${FRAMEWORKS_FOLDER_PATH}/GTMSessionFetcher.framework",
				"${TARGET_BUILD_DIR}/${FRAMEWORKS_FOLDER_PATH}/GoogleToolboxForMac.framework",
				"${TARGET_BUILD_DIR}/${FRAMEWORKS_FOLDER_PATH}/IQKeyboardManagerSwift.framework",
				"${TARGET_BUILD_DIR}/${FRAMEWORKS_FOLDER_PATH}/Kingfisher.framework",
				"${TARGET_BUILD_DIR}/${FRAMEWORKS_FOLDER_PATH}/NVActivityIndicatorView.framework",
				"${TARGET_BUILD_DIR}/${FRAMEWORKS_FOLDER_PATH}/SwipeBack.framework",
				"${TARGET_BUILD_DIR}/${FRAMEWORKS_FOLDER_PATH}/TwicketSegmentedControl.framework",
				"${TARGET_BUILD_DIR}/${FRAMEWORKS_FOLDER_PATH}/UIImageViewModeScaleAspect.framework",
				"${TARGET_BUILD_DIR}/${FRAMEWORKS_FOLDER_PATH}/leveldb.framework",
				"${TARGET_BUILD_DIR}/${FRAMEWORKS_FOLDER_PATH}/nanopb.framework",
			);
			runOnlyForDeploymentPostprocessing = 0;
			shellPath = /bin/sh;
			shellScript = "\"${SRCROOT}/Pods/Target Support Files/Pods-Motel Network/Pods-Motel Network-frameworks.sh\"\n";
			showEnvVarsInLog = 0;
		};
		561B04332EBE6B2DC49C018D /* [CP] Copy Pods Resources */ = {
			isa = PBXShellScriptBuildPhase;
			buildActionMask = 2147483647;
			files = (
			);
			inputPaths = (
				"${SRCROOT}/Pods/Target Support Files/Pods-Motel Network/Pods-Motel Network-resources.sh",
				"${PODS_ROOT}/PXGoogleDirections/Dependencies/GoogleMaps.framework/Resources/GoogleMaps.bundle",
			);
			name = "[CP] Copy Pods Resources";
			outputPaths = (
				"${TARGET_BUILD_DIR}/${UNLOCALIZED_RESOURCES_FOLDER_PATH}/GoogleMaps.bundle",
			);
			runOnlyForDeploymentPostprocessing = 0;
			shellPath = /bin/sh;
			shellScript = "\"${SRCROOT}/Pods/Target Support Files/Pods-Motel Network/Pods-Motel Network-resources.sh\"\n";
			showEnvVarsInLog = 0;
		};
		7641C4081589DFF79D51A3B5 /* [CP] Check Pods Manifest.lock */ = {
			isa = PBXShellScriptBuildPhase;
			buildActionMask = 2147483647;
			files = (
			);
			inputPaths = (
				"${PODS_PODFILE_DIR_PATH}/Podfile.lock",
				"${PODS_ROOT}/Manifest.lock",
			);
			name = "[CP] Check Pods Manifest.lock";
			outputPaths = (
				"$(DERIVED_FILE_DIR)/Pods-Motel Network-checkManifestLockResult.txt",
			);
			runOnlyForDeploymentPostprocessing = 0;
			shellPath = /bin/sh;
			shellScript = "diff \"${PODS_PODFILE_DIR_PATH}/Podfile.lock\" \"${PODS_ROOT}/Manifest.lock\" > /dev/null\nif [ $? != 0 ] ; then\n    # print error to STDERR\n    echo \"error: The sandbox is not in sync with the Podfile.lock. Run 'pod install' or update your CocoaPods installation.\" >&2\n    exit 1\nfi\n# This output is used by Xcode 'outputs' to avoid re-running this script phase.\necho \"SUCCESS\" > \"${SCRIPT_OUTPUT_FILE_0}\"\n";
			showEnvVarsInLog = 0;
		};
/* End PBXShellScriptBuildPhase section */

/* Begin PBXSourcesBuildPhase section */
		E198760A20672E2D008434CC /* Sources */ = {
			isa = PBXSourcesBuildPhase;
			buildActionMask = 2147483647;
			files = (
				E14805012089F92D00C67D43 /* NotificationListViewController.swift in Sources */,
				E1507BA2207D192F00387527 /* DetailRoomViewController.swift in Sources */,
				E104666E20708FF400245789 /* TutorialViewController.swift in Sources */,
				E14F2C2420960BF30034BE8E /* MyRoomsViewController.swift in Sources */,
				E198DC212081829000E59BD2 /* HomeViewController.swift in Sources */,
				E1A621D22070D23100B83291 /* TestViewController.swift in Sources */,
				E1BD102620765FAD00287982 /* Room.swift in Sources */,
				E1507BBD207F59F300387527 /* SettingViewController.swift in Sources */,
				E19CBCA82088818600A310D3 /* BillManagementViewController.swift in Sources */,
				E16BD8B5208DC0FD00DD00B7 /* NavigationViewController.swift in Sources */,
				145C12062075FF5300AB11F3 /* ListRoomsTableViewCell.swift in Sources */,
				E1954476208A0EA3004F0D17 /* DetailBillViewController.swift in Sources */,
				E131D47E2098AED600019415 /* TimeAgoDisplay.swift in Sources */,
				E1BD102820765FB900287982 /* User.swift in Sources */,
				E16F5B1B207B698E00B284A5 /* AccountViewController.swift in Sources */,
				E127015A2093372600663611 /* GoogleMapViewController.swift in Sources */,
				E1397D8D208AF1230050C86D /* Notification.swift in Sources */,
				E16F5B33207BDD0700B284A5 /* Strings.swift in Sources */,
				E1397D8B208AEF960050C86D /* Bill.swift in Sources */,
				E1507BC02080972500387527 /* News.swift in Sources */,
				E198DC1E2081829000E59BD2 /* ListNewsTableViewCell.swift in Sources */,
				E180A137208A074F00EBCE52 /* NotificationListTableViewCell.swift in Sources */,
				E14C41432074D107003571E8 /* DetailNewsViewController.swift in Sources */,
				145C11FE2075F37E00AB11F3 /* RoomManagementViewController.swift in Sources */,
				E1CDE6972067898C005715EC /* ForgotPasswordViewController.swift in Sources */,
				E18F072D20674C2200281432 /* SignUpViewController.swift in Sources */,
				E16F5B1F207B69AE00B284A5 /* AccountOptionTableViewCell.swift in Sources */,
				E14804F72089F8DA00C67D43 /* CreateNotificationViewController.swift in Sources */,
				E1CDE6932067805D005715EC /* LoginViewController.swift in Sources */,
				E1507BB1207DDA8B00387527 /* CalculateRoomPriceViewController.swift in Sources */,
				E1397D86208AC7CC0050C86D /* ListBillTableViewCell.swift in Sources */,
				E1507BAC207D19A200387527 /* NewPostViewController.swift in Sources */,
				E10112CA209199CA004ACA0D /* SearchViewController.swift in Sources */,
				E16F5B31207BD35A00B284A5 /* Controller.swift in Sources */,
				E1BD102E20766C3500287982 /* CreateRoomViewController.swift in Sources */,
				E1507BA7207D195C00387527 /* EditRoomViewController.swift in Sources */,
				E16F5B29207B7D8E00B284A5 /* ChangeEmailViewController.swift in Sources */,
				E14804FD2089F90800C67D43 /* DetailNotificationViewController.swift in Sources */,
				CE5FF78B20766ED0005BEA3B /* MainViewController.swift in Sources */,
				E117B659208DF2BE00087A0B /* ResultViewController.swift in Sources */,
				E10112D12091C2DD004ACA0D /* UpdateInfoViewController.swift in Sources */,
				CE5FF79020767698005BEA3B /* EUIViewController.swift in Sources */,
				E198761220672E2D008434CC /* AppDelegate.swift in Sources */,
				E198DC2A2082F6BB00E59BD2 /* EditPostViewController.swift in Sources */,
				E16F5B2D207B84D900B284A5 /* ChangePasswordViewController.swift in Sources */,
			);
			runOnlyForDeploymentPostprocessing = 0;
		};
/* End PBXSourcesBuildPhase section */

/* Begin PBXVariantGroup section */
		E198761520672E2D008434CC /* Main.storyboard */ = {
			isa = PBXVariantGroup;
			children = (
				E198761620672E2D008434CC /* Base */,
			);
			name = Main.storyboard;
			sourceTree = "<group>";
		};
		E198761A20672E2D008434CC /* LaunchScreen.storyboard */ = {
			isa = PBXVariantGroup;
			children = (
				E198761B20672E2D008434CC /* Base */,
			);
			name = LaunchScreen.storyboard;
			sourceTree = "<group>";
		};
/* End PBXVariantGroup section */

/* Begin XCBuildConfiguration section */
		E198761E20672E2D008434CC /* Debug */ = {
			isa = XCBuildConfiguration;
			buildSettings = {
				ALWAYS_SEARCH_USER_PATHS = NO;
				CLANG_ANALYZER_NONNULL = YES;
				CLANG_ANALYZER_NUMBER_OBJECT_CONVERSION = YES_AGGRESSIVE;
				CLANG_CXX_LANGUAGE_STANDARD = "gnu++14";
				CLANG_CXX_LIBRARY = "libc++";
				CLANG_ENABLE_MODULES = YES;
				CLANG_ENABLE_OBJC_ARC = YES;
				CLANG_WARN_BLOCK_CAPTURE_AUTORELEASING = YES;
				CLANG_WARN_BOOL_CONVERSION = YES;
				CLANG_WARN_COMMA = YES;
				CLANG_WARN_CONSTANT_CONVERSION = YES;
				CLANG_WARN_DEPRECATED_OBJC_IMPLEMENTATIONS = YES;
				CLANG_WARN_DIRECT_OBJC_ISA_USAGE = YES_ERROR;
				CLANG_WARN_DOCUMENTATION_COMMENTS = YES;
				CLANG_WARN_EMPTY_BODY = YES;
				CLANG_WARN_ENUM_CONVERSION = YES;
				CLANG_WARN_INFINITE_RECURSION = YES;
				CLANG_WARN_INT_CONVERSION = YES;
				CLANG_WARN_NON_LITERAL_NULL_CONVERSION = YES;
				CLANG_WARN_OBJC_IMPLICIT_RETAIN_SELF = YES;
				CLANG_WARN_OBJC_LITERAL_CONVERSION = YES;
				CLANG_WARN_OBJC_ROOT_CLASS = YES_ERROR;
				CLANG_WARN_RANGE_LOOP_ANALYSIS = YES;
				CLANG_WARN_STRICT_PROTOTYPES = YES;
				CLANG_WARN_SUSPICIOUS_MOVE = YES;
				CLANG_WARN_UNGUARDED_AVAILABILITY = YES_AGGRESSIVE;
				CLANG_WARN_UNREACHABLE_CODE = YES;
				CLANG_WARN__DUPLICATE_METHOD_MATCH = YES;
				CODE_SIGN_IDENTITY = "iPhone Developer";
				COPY_PHASE_STRIP = NO;
				DEBUG_INFORMATION_FORMAT = dwarf;
				ENABLE_STRICT_OBJC_MSGSEND = YES;
				ENABLE_TESTABILITY = YES;
				GCC_C_LANGUAGE_STANDARD = gnu11;
				GCC_DYNAMIC_NO_PIC = NO;
				GCC_NO_COMMON_BLOCKS = YES;
				GCC_OPTIMIZATION_LEVEL = 0;
				GCC_PREPROCESSOR_DEFINITIONS = (
					"DEBUG=1",
					"$(inherited)",
				);
				GCC_WARN_64_TO_32_BIT_CONVERSION = YES;
				GCC_WARN_ABOUT_RETURN_TYPE = YES_ERROR;
				GCC_WARN_UNDECLARED_SELECTOR = YES;
				GCC_WARN_UNINITIALIZED_AUTOS = YES_AGGRESSIVE;
				GCC_WARN_UNUSED_FUNCTION = YES;
				GCC_WARN_UNUSED_VARIABLE = YES;
				IPHONEOS_DEPLOYMENT_TARGET = 11.2;
				MTL_ENABLE_DEBUG_INFO = YES;
				ONLY_ACTIVE_ARCH = YES;
				SDKROOT = iphoneos;
				SWIFT_ACTIVE_COMPILATION_CONDITIONS = DEBUG;
				SWIFT_OPTIMIZATION_LEVEL = "-Onone";
			};
			name = Debug;
		};
		E198761F20672E2D008434CC /* Release */ = {
			isa = XCBuildConfiguration;
			buildSettings = {
				ALWAYS_SEARCH_USER_PATHS = NO;
				CLANG_ANALYZER_NONNULL = YES;
				CLANG_ANALYZER_NUMBER_OBJECT_CONVERSION = YES_AGGRESSIVE;
				CLANG_CXX_LANGUAGE_STANDARD = "gnu++14";
				CLANG_CXX_LIBRARY = "libc++";
				CLANG_ENABLE_MODULES = YES;
				CLANG_ENABLE_OBJC_ARC = YES;
				CLANG_WARN_BLOCK_CAPTURE_AUTORELEASING = YES;
				CLANG_WARN_BOOL_CONVERSION = YES;
				CLANG_WARN_COMMA = YES;
				CLANG_WARN_CONSTANT_CONVERSION = YES;
				CLANG_WARN_DEPRECATED_OBJC_IMPLEMENTATIONS = YES;
				CLANG_WARN_DIRECT_OBJC_ISA_USAGE = YES_ERROR;
				CLANG_WARN_DOCUMENTATION_COMMENTS = YES;
				CLANG_WARN_EMPTY_BODY = YES;
				CLANG_WARN_ENUM_CONVERSION = YES;
				CLANG_WARN_INFINITE_RECURSION = YES;
				CLANG_WARN_INT_CONVERSION = YES;
				CLANG_WARN_NON_LITERAL_NULL_CONVERSION = YES;
				CLANG_WARN_OBJC_IMPLICIT_RETAIN_SELF = YES;
				CLANG_WARN_OBJC_LITERAL_CONVERSION = YES;
				CLANG_WARN_OBJC_ROOT_CLASS = YES_ERROR;
				CLANG_WARN_RANGE_LOOP_ANALYSIS = YES;
				CLANG_WARN_STRICT_PROTOTYPES = YES;
				CLANG_WARN_SUSPICIOUS_MOVE = YES;
				CLANG_WARN_UNGUARDED_AVAILABILITY = YES_AGGRESSIVE;
				CLANG_WARN_UNREACHABLE_CODE = YES;
				CLANG_WARN__DUPLICATE_METHOD_MATCH = YES;
				CODE_SIGN_IDENTITY = "iPhone Developer";
				COPY_PHASE_STRIP = NO;
				DEBUG_INFORMATION_FORMAT = "dwarf-with-dsym";
				ENABLE_NS_ASSERTIONS = NO;
				ENABLE_STRICT_OBJC_MSGSEND = YES;
				GCC_C_LANGUAGE_STANDARD = gnu11;
				GCC_NO_COMMON_BLOCKS = YES;
				GCC_WARN_64_TO_32_BIT_CONVERSION = YES;
				GCC_WARN_ABOUT_RETURN_TYPE = YES_ERROR;
				GCC_WARN_UNDECLARED_SELECTOR = YES;
				GCC_WARN_UNINITIALIZED_AUTOS = YES_AGGRESSIVE;
				GCC_WARN_UNUSED_FUNCTION = YES;
				GCC_WARN_UNUSED_VARIABLE = YES;
				IPHONEOS_DEPLOYMENT_TARGET = 11.2;
				MTL_ENABLE_DEBUG_INFO = NO;
				SDKROOT = iphoneos;
				SWIFT_OPTIMIZATION_LEVEL = "-Owholemodule";
				VALIDATE_PRODUCT = YES;
			};
			name = Release;
		};
		E198762120672E2D008434CC /* Debug */ = {
			isa = XCBuildConfiguration;
			baseConfigurationReference = 049534EE73905EDE23E9980B /* Pods-Motel Network.debug.xcconfig */;
			buildSettings = {
				ASSETCATALOG_COMPILER_APPICON_NAME = AppIcon;
				CLANG_ENABLE_MODULES = YES;
				CODE_SIGN_STYLE = Automatic;
				DEVELOPMENT_TEAM = ZCX458UUY2;
				INFOPLIST_FILE = MotelNetwork/Info.plist;
				LD_RUNPATH_SEARCH_PATHS = "$(inherited) @executable_path/Frameworks";
				PRODUCT_BUNDLE_IDENTIFIER = com.example.MotelNetwork;
				PRODUCT_NAME = "$(TARGET_NAME)";
				SWIFT_OPTIMIZATION_LEVEL = "-Onone";
				SWIFT_VERSION = 4.0;
				TARGETED_DEVICE_FAMILY = "1,2";
			};
			name = Debug;
		};
		E198762220672E2D008434CC /* Release */ = {
			isa = XCBuildConfiguration;
			baseConfigurationReference = 93ECD0FAD91556A57282580A /* Pods-Motel Network.release.xcconfig */;
			buildSettings = {
				ASSETCATALOG_COMPILER_APPICON_NAME = AppIcon;
				CLANG_ENABLE_MODULES = YES;
				CODE_SIGN_STYLE = Automatic;
				DEVELOPMENT_TEAM = ZCX458UUY2;
				INFOPLIST_FILE = MotelNetwork/Info.plist;
				LD_RUNPATH_SEARCH_PATHS = "$(inherited) @executable_path/Frameworks";
				PRODUCT_BUNDLE_IDENTIFIER = com.example.MotelNetwork;
				PRODUCT_NAME = "$(TARGET_NAME)";
				SWIFT_VERSION = 4.0;
				TARGETED_DEVICE_FAMILY = "1,2";
			};
			name = Release;
		};
/* End XCBuildConfiguration section */

/* Begin XCConfigurationList section */
		E198760920672E2D008434CC /* Build configuration list for PBXProject "MotelNetwork" */ = {
			isa = XCConfigurationList;
			buildConfigurations = (
				E198761E20672E2D008434CC /* Debug */,
				E198761F20672E2D008434CC /* Release */,
			);
			defaultConfigurationIsVisible = 0;
			defaultConfigurationName = Release;
		};
		E198762020672E2D008434CC /* Build configuration list for PBXNativeTarget "Motel Network" */ = {
			isa = XCConfigurationList;
			buildConfigurations = (
				E198762120672E2D008434CC /* Debug */,
				E198762220672E2D008434CC /* Release */,
			);
			defaultConfigurationIsVisible = 0;
			defaultConfigurationName = Release;
		};
/* End XCConfigurationList section */
	};
	rootObject = E198760620672E2D008434CC /* Project object */;
}
